lockfileVersion: '9.0'

settings:
  autoInstallPeers: true
  excludeLinksFromLockfile: false

importers:

  .:
    dependencies:
      '@sqlite.org/sqlite-wasm':
        specifier: 3.53.4-build2
        version: 3.53.4-build2
      libsodium-wrappers-sumo:
        specifier: 0.8.4
        version: 0.8.4
      playwright-core:
        specifier: 1.64.0
        version: 1.64.0

packages:

  '@sqlite.org/sqlite-wasm@3.53.4-build2':
    resolution: {integrity: sha512-kQVArGJA4z7s56Dm8t+eTBXad4LiohuVj9pfgDNOcxa+Ic5xMrWlLPTq6cT0hw5S4MIvtpsraW+B0wD+IPvC7A==}
    engines: {node: '>=22'}

  libsodium-sumo@0.8.4:
    resolution: {integrity: sha512-TMtHShQfVVsaxDygyapvUC3o7YsPgXa/hRWeIgzyFz6w5k/1hirGptCxp1U7XwW3rCskaTTYKgV10v86UiGgNw==}

  libsodium-wrappers-sumo@0.8.4:
    resolution: {integrity: sha512-ql7hcgulKZ3ekfa2DGAogcCKsWU0diA/0nArz1CFzh93WQdb46/Kj18ka/Hifq6uA3Ush34Pc6vU/6HXeRwUkg==}

  playwright-core@1.64.0:
    resolution: {integrity: sha512-T9r+MZkTECl2+oUcZ26YgZzTrYidTsIhYYkJix+6iDOymOb1FB2RLLSOxRGnZGv5DStt+aduIVbt+E8WygXYpg==}
    engines: {node: '>=20'}
    hasBin: true

snapshots:

  '@sqlite.org/sqlite-wasm@3.53.4-build2': {}

  libsodium-sumo@0.8.4: {}

  libsodium-wrappers-sumo@0.8.4:
    dependencies:
      libsodium-sumo: 0.8.4

  playwright-core@1.64.0: {}
